
Microsoft Visual Studio Solution File, Format Version 12.00
# Visual Studio Version 17
VisualStudioVersion = 17.1.32407.343
MinimumVisualStudioVersion = 10.0.40219.1
Project("{2150E333-8FDC-42A3-9474-1A3956D46DE8}") = "ApiGateway", "ApiGateway", "{DC6A2DDE-98BF-4D16-B73F-432FA1E5AAF9}"
EndProject
Project("{9A19103F-16F7-4668-BE54-9A1E7A4F7556}") = "ApiGateway", "ApiGateway\ApiGateway.csproj", "{5FF28350-7141-4131-BD9F-8F377D5C7E50}"
EndProject
Project("{E53339B2-1760-4266-BCC7-CA923CBCF16C}") = "docker-compose", "docker-compose.dcproj", "{140003BB-8BB1-4031-9C89-48FCA5EC218B}"
EndProject
Project("{2150E333-8FDC-42A3-9474-1A3956D46DE8}") = "ApiAppShop", "ApiAppShop", "{2C0AAA6E-DBD1-429C-8A2D-98ADE4052B0A}"
EndProject
Project("{9A19103F-16F7-4668-BE54-9A1E7A4F7556}") = "ApiAppShop.Presentation", "ApiAppShop\ApiAppShop.Presentation.csproj", "{3D580FAC-6620-423C-9360-CC8291880BDC}"
EndProject
Project("{2150E333-8FDC-42A3-9474-1A3956D46DE8}") = "Presentation", "Presentation", "{7B8A9F29-D1BE-41AC-A3FB-93684406A1D8}"
EndProject
Project("{2150E333-8FDC-42A3-9474-1A3956D46DE8}") = "Core", "Core", "{A9F24D9D-1626-4962-B959-F8D8BC45264D}"
EndProject
Project("{2150E333-8FDC-42A3-9474-1A3956D46DE8}") = "Infrastructure", "Infrastructure", "{AABFE64E-35DB-4B8A-9166-89C7CF934243}"
EndProject
Project("{9A19103F-16F7-4668-BE54-9A1E7A4F7556}") = "ApiAppShop.CrossCutting.IoC", "ApiAppShop.CrossCutting.IoC\ApiAppShop.CrossCutting.IoC.csproj", "{8E4BC10C-55BC-493D-B12C-4B75764C17A9}"
EndProject
Project("{9A19103F-16F7-4668-BE54-9A1E7A4F7556}") = "ApiAppShop.Events", "ApiAppShop.Events\ApiAppShop.Events.csproj", "{18BFCB0F-A377-495A-9E68-3584DC85E5BA}"
EndProject
Project("{9A19103F-16F7-4668-BE54-9A1E7A4F7556}") = "ApiAppShop.DataAccess", "ApiAppShop.DataAccess\ApiAppShop.DataAccess.csproj", "{EFDA4152-1268-4DE9-A61E-8D6AB61FFB58}"
EndProject
Project("{9A19103F-16F7-4668-BE54-9A1E7A4F7556}") = "ApiAppShop.Domain", "ApiAppShop.Domain\ApiAppShop.Domain.csproj", "{7D1A2716-1290-467E-B113-9623739B61B2}"
EndProject
Project("{9A19103F-16F7-4668-BE54-9A1E7A4F7556}") = "ApiAppShop.Application", "ApiAppShop.Application\ApiAppShop.Application.csproj", "{0F370CAE-91D8-4867-90FE-FF8650A200E6}"
EndProject
Project("{2150E333-8FDC-42A3-9474-1A3956D46DE8}") = "ConsoleCreditCardProcessor", "ConsoleCreditCardProcessor", "{9C90D50A-0591-43CA-99DF-C4BBC1C34D12}"
EndProject
Project("{9A19103F-16F7-4668-BE54-9A1E7A4F7556}") = "CreditCardProcessor", "CreditCardProcessor\CreditCardProcessor.csproj", "{F04D1B87-11EC-43B1-A93A-3502A9CFA88A}"
EndProject
Project("{2150E333-8FDC-42A3-9474-1A3956D46DE8}") = "Tests", "Tests", "{8557514C-8111-4EA6-AAF3-BB468DF57D6C}"
EndProject
Project("{2150E333-8FDC-42A3-9474-1A3956D46DE8}") = "ConsoleCreditCardProcessor.Tests", "ConsoleCreditCardProcessor.Tests", "{6DA6FF22-BD9D-47AC-81F9-8806643A7CB5}"
EndProject
Project("{9A19103F-16F7-4668-BE54-9A1E7A4F7556}") = "ConsoleCreditCardProcessor.Tests", "ConsoleCreditCardProcessor.Tests\ConsoleCreditCardProcessor.Tests.csproj", "{BBE7FD75-75B7-4313-8C71-1C02FBF1B14F}"
EndProject
Project("{9A19103F-16F7-4668-BE54-9A1E7A4F7556}") = "ApiAppShop.Cache", "ApiAppShop.Cache\ApiAppShop.Cache.csproj", "{00A04DE2-21B4-41C5-94E0-E0DDB66139C4}"
EndProject
Project("{9A19103F-16F7-4668-BE54-9A1E7A4F7556}") = "ApiAppShop.Log", "ApiAppShop.Log\ApiAppShop.Log.csproj", "{A51A01B2-FDB6-4022-9C7D-A81E3EEDFEE4}"
EndProject
Project("{2150E333-8FDC-42A3-9474-1A3956D46DE8}") = "ApiAppShop.Tests", "ApiAppShop.Tests", "{6BCC302F-2C08-4985-B503-3AA6677F3E36}"
EndProject
Project("{FAE04EC0-301F-11D3-BF4B-00C04F79EFBC}") = "ApiAppShop.Tests", "ApiAppShop.Tests\ApiAppShop.Tests.csproj", "{9CE000EC-C6CF-434A-B8BF-E59758138A7F}"
EndProject
Global
	GlobalSection(SolutionConfigurationPlatforms) = preSolution
		Debug|Any CPU = Debug|Any CPU
		Release|Any CPU = Release|Any CPU
	EndGlobalSection
	GlobalSection(ProjectConfigurationPlatforms) = postSolution
		{5FF28350-7141-4131-BD9F-8F377D5C7E50}.Debug|Any CPU.ActiveCfg = Debug|Any CPU
		{5FF28350-7141-4131-BD9F-8F377D5C7E50}.Debug|Any CPU.Build.0 = Debug|Any CPU
		{5FF28350-7141-4131-BD9F-8F377D5C7E50}.Release|Any CPU.ActiveCfg = Release|Any CPU
		{5FF28350-7141-4131-BD9F-8F377D5C7E50}.Release|Any CPU.Build.0 = Release|Any CPU
		{140003BB-8BB1-4031-9C89-48FCA5EC218B}.Debug|Any CPU.ActiveCfg = Debug|Any CPU
		{140003BB-8BB1-4031-9C89-48FCA5EC218B}.Debug|Any CPU.Build.0 = Debug|Any CPU
		{140003BB-8BB1-4031-9C89-48FCA5EC218B}.Release|Any CPU.ActiveCfg = Release|Any CPU
		{140003BB-8BB1-4031-9C89-48FCA5EC218B}.Release|Any CPU.Build.0 = Release|Any CPU
		{3D580FAC-6620-423C-9360-CC8291880BDC}.Debug|Any CPU.ActiveCfg = Debug|Any CPU
		{3D580FAC-6620-423C-9360-CC8291880BDC}.Debug|Any CPU.Build.0 = Debug|Any CPU
		{3D580FAC-6620-423C-9360-CC8291880BDC}.Release|Any CPU.ActiveCfg = Release|Any CPU
		{3D580FAC-6620-423C-9360-CC8291880BDC}.Release|Any CPU.Build.0 = Release|Any CPU
		{8E4BC10C-55BC-493D-B12C-4B75764C17A9}.Debug|Any CPU.ActiveCfg = Debug|Any CPU
		{8E4BC10C-55BC-493D-B12C-4B75764C17A9}.Debug|Any CPU.Build.0 = Debug|Any CPU
		{8E4BC10C-55BC-493D-B12C-4B75764C17A9}.Release|Any CPU.ActiveCfg = Release|Any CPU
		{8E4BC10C-55BC-493D-B12C-4B75764C17A9}.Release|Any CPU.Build.0 = Release|Any CPU
		{18BFCB0F-A377-495A-9E68-3584DC85E5BA}.Debug|Any CPU.ActiveCfg = Debug|Any CPU
		{18BFCB0F-A377-495A-9E68-3584DC85E5BA}.Debug|Any CPU.Build.0 = Debug|Any CPU
		{18BFCB0F-A377-495A-9E68-3584DC85E5BA}.Release|Any CPU.ActiveCfg = Release|Any CPU
		{18BFCB0F-A377-495A-9E68-3584DC85E5BA}.Release|Any CPU.Build.0 = Release|Any CPU
		{EFDA4152-1268-4DE9-A61E-8D6AB61FFB58}.Debug|Any CPU.ActiveCfg = Debug|Any CPU
		{EFDA4152-1268-4DE9-A61E-8D6AB61FFB58}.Debug|Any CPU.Build.0 = Debug|Any CPU
		{EFDA4152-1268-4DE9-A61E-8D6AB61FFB58}.Release|Any CPU.ActiveCfg = Release|Any CPU
		{EFDA4152-1268-4DE9-A61E-8D6AB61FFB58}.Release|Any CPU.Build.0 = Release|Any CPU
		{7D1A2716-1290-467E-B113-9623739B61B2}.Debug|Any CPU.ActiveCfg = Debug|Any CPU
		{7D1A2716-1290-467E-B113-9623739B61B2}.Debug|Any CPU.Build.0 = Debug|Any CPU
		{7D1A2716-1290-467E-B113-9623739B61B2}.Release|Any CPU.ActiveCfg = Release|Any CPU
		{7D1A2716-1290-467E-B113-9623739B61B2}.Release|Any CPU.Build.0 = Release|Any CPU
		{0F370CAE-91D8-4867-90FE-FF8650A200E6}.Debug|Any CPU.ActiveCfg = Debug|Any CPU
		{0F370CAE-91D8-4867-90FE-FF8650A200E6}.Debug|Any CPU.Build.0 = Debug|Any CPU
		{0F370CAE-91D8-4867-90FE-FF8650A200E6}.Release|Any CPU.ActiveCfg = Release|Any CPU
		{0F370CAE-91D8-4867-90FE-FF8650A200E6}.Release|Any CPU.Build.0 = Release|Any CPU
		{F04D1B87-11EC-43B1-A93A-3502A9CFA88A}.Debug|Any CPU.ActiveCfg = Debug|Any CPU
		{F04D1B87-11EC-43B1-A93A-3502A9CFA88A}.Debug|Any CPU.Build.0 = Debug|Any CPU
		{F04D1B87-11EC-43B1-A93A-3502A9CFA88A}.Release|Any CPU.ActiveCfg = Release|Any CPU
		{F04D1B87-11EC-43B1-A93A-3502A9CFA88A}.Release|Any CPU.Build.0 = Release|Any CPU
		{BBE7FD75-75B7-4313-8C71-1C02FBF1B14F}.Debug|Any CPU.ActiveCfg = Debug|Any CPU
		{BBE7FD75-75B7-4313-8C71-1C02FBF1B14F}.Debug|Any CPU.Build.0 = Debug|Any CPU
		{BBE7FD75-75B7-4313-8C71-1C02FBF1B14F}.Release|Any CPU.ActiveCfg = Release|Any CPU
		{BBE7FD75-75B7-4313-8C71-1C02FBF1B14F}.Release|Any CPU.Build.0 = Release|Any CPU
		{00A04DE2-21B4-41C5-94E0-E0DDB66139C4}.Debug|Any CPU.ActiveCfg = Debug|Any CPU
		{00A04DE2-21B4-41C5-94E0-E0DDB66139C4}.Debug|Any CPU.Build.0 = Debug|Any CPU
		{00A04DE2-21B4-41C5-94E0-E0DDB66139C4}.Release|Any CPU.ActiveCfg = Release|Any CPU
		{00A04DE2-21B4-41C5-94E0-E0DDB66139C4}.Release|Any CPU.Build.0 = Release|Any CPU
		{A51A01B2-FDB6-4022-9C7D-A81E3EEDFEE4}.Debug|Any CPU.ActiveCfg = Debug|Any CPU
		{A51A01B2-FDB6-4022-9C7D-A81E3EEDFEE4}.Debug|Any CPU.Build.0 = Debug|Any CPU
		{A51A01B2-FDB6-4022-9C7D-A81E3EEDFEE4}.Release|Any CPU.ActiveCfg = Release|Any CPU
		{A51A01B2-FDB6-4022-9C7D-A81E3EEDFEE4}.Release|Any CPU.Build.0 = Release|Any CPU
		{9CE000EC-C6CF-434A-B8BF-E59758138A7F}.Debug|Any CPU.ActiveCfg = Debug|Any CPU
		{9CE000EC-C6CF-434A-B8BF-E59758138A7F}.Debug|Any CPU.Build.0 = Debug|Any CPU
		{9CE000EC-C6CF-434A-B8BF-E59758138A7F}.Release|Any CPU.ActiveCfg = Release|Any CPU
		{9CE000EC-C6CF-434A-B8BF-E59758138A7F}.Release|Any CPU.Build.0 = Release|Any CPU
	EndGlobalSection
	GlobalSection(SolutionProperties) = preSolution
		HideSolutionNode = FALSE
	EndGlobalSection
	GlobalSection(NestedProjects) = preSolution
		{5FF28350-7141-4131-BD9F-8F377D5C7E50} = {DC6A2DDE-98BF-4D16-B73F-432FA1E5AAF9}
		{3D580FAC-6620-423C-9360-CC8291880BDC} = {7B8A9F29-D1BE-41AC-A3FB-93684406A1D8}
		{7B8A9F29-D1BE-41AC-A3FB-93684406A1D8} = {2C0AAA6E-DBD1-429C-8A2D-98ADE4052B0A}
		{A9F24D9D-1626-4962-B959-F8D8BC45264D} = {2C0AAA6E-DBD1-429C-8A2D-98ADE4052B0A}
		{AABFE64E-35DB-4B8A-9166-89C7CF934243} = {2C0AAA6E-DBD1-429C-8A2D-98ADE4052B0A}
		{8E4BC10C-55BC-493D-B12C-4B75764C17A9} = {AABFE64E-35DB-4B8A-9166-89C7CF934243}
		{18BFCB0F-A377-495A-9E68-3584DC85E5BA} = {AABFE64E-35DB-4B8A-9166-89C7CF934243}
		{EFDA4152-1268-4DE9-A61E-8D6AB61FFB58} = {AABFE64E-35DB-4B8A-9166-89C7CF934243}
		{7D1A2716-1290-467E-B113-9623739B61B2} = {A9F24D9D-1626-4962-B959-F8D8BC45264D}
		{0F370CAE-91D8-4867-90FE-FF8650A200E6} = {A9F24D9D-1626-4962-B959-F8D8BC45264D}
		{F04D1B87-11EC-43B1-A93A-3502A9CFA88A} = {9C90D50A-0591-43CA-99DF-C4BBC1C34D12}
		{6DA6FF22-BD9D-47AC-81F9-8806643A7CB5} = {8557514C-8111-4EA6-AAF3-BB468DF57D6C}
		{BBE7FD75-75B7-4313-8C71-1C02FBF1B14F} = {6DA6FF22-BD9D-47AC-81F9-8806643A7CB5}
		{00A04DE2-21B4-41C5-94E0-E0DDB66139C4} = {AABFE64E-35DB-4B8A-9166-89C7CF934243}
		{A51A01B2-FDB6-4022-9C7D-A81E3EEDFEE4} = {AABFE64E-35DB-4B8A-9166-89C7CF934243}
		{6BCC302F-2C08-4985-B503-3AA6677F3E36} = {8557514C-8111-4EA6-AAF3-BB468DF57D6C}
		{9CE000EC-C6CF-434A-B8BF-E59758138A7F} = {6BCC302F-2C08-4985-B503-3AA6677F3E36}
	EndGlobalSection
	GlobalSection(ExtensibilityGlobals) = postSolution
		SolutionGuid = {EF31D2E9-8B19-483B-B98A-8DF03697422F}
	EndGlobalSection
EndGlobal
